<Solution>
  <Project Path="APIUnitTest/APIUnitTest.csproj" Id="9cbc4732-1e04-43e4-a648-58c3823deacc" />
  <Project Path="Application/Application.csproj" />
  <Project Path="Domain/Domain.csproj" />
  <Project Path="Infrastructure/Infrastructure.csproj" />
  <Project Path="Shared/Shared.csproj" />
  <Project Path="Web/Web.csproj" />
</Solution>
